// !$*UTF8*$!
{
	archiveVersion = 1;
	classes = {
	};
	objectVersion = 56;
	objects = {

/* Begin PBXBuildFile section */
		1733D2D629CA351100741292 /* AppDelegate.swift in Sources */ = {isa = PBXBuildFile; fileRef = 1733D2D529CA351100741292 /* AppDelegate.swift */; };
		1733D2D829CA351100741292 /* SceneDelegate.swift in Sources */ = {isa = PBXBuildFile; fileRef = 1733D2D729CA351100741292 /* SceneDelegate.swift */; };
		1733D2DA29CA351100741292 /* ProductListVC.swift in Sources */ = {isa = PBXBuildFile; fileRef = 1733D2D929CA351100741292 /* ProductListVC.swift */; };
		1733D2DD29CA351100741292 /* Main.storyboard in Resources */ = {isa = PBXBuildFile; fileRef = 1733D2DB29CA351100741292 /* Main.storyboard */; };
		1733D2DF29CA351200741292 /* Assets.xcassets in Resources */ = {isa = PBXBuildFile; fileRef = 1733D2DE29CA351200741292 /* Assets.xcassets */; };
		1733D2E229CA351200741292 /* LaunchScreen.storyboard in Resources */ = {isa = PBXBuildFile; fileRef = 1733D2E029CA351200741292 /* LaunchScreen.storyboard */; };
		1733D2EC29CA361400741292 /* FakeRequest.swift in Sources */ = {isa = PBXBuildFile; fileRef = 1733D2EB29CA361400741292 /* FakeRequest.swift */; };
		1733D2EE29CA36C900741292 /* FackProductEndPoint.swift in Sources */ = {isa = PBXBuildFile; fileRef = 1733D2ED29CA36C900741292 /* FackProductEndPoint.swift */; };
		1733D2F029CA3BFF00741292 /* FakeProductService.swift in Sources */ = {isa = PBXBuildFile; fileRef = 1733D2EF29CA3BFF00741292 /* FakeProductService.swift */; };
		1733D2F529CA480D00741292 /* FakeProductModel.swift in Sources */ = {isa = PBXBuildFile; fileRef = 1733D2F429CA480D00741292 /* FakeProductModel.swift */; };
		1733D2F729CA573A00741292 /* ProduListViewModel.swift in Sources */ = {isa = PBXBuildFile; fileRef = 1733D2F629CA573A00741292 /* ProduListViewModel.swift */; };
		1733D2FD29CA5FC200741292 /* Extension.swift in Sources */ = {isa = PBXBuildFile; fileRef = 1733D2FC29CA5FC200741292 /* Extension.swift */; };
		1733D2FF29CA7A9C00741292 /* FakeListTabelCell.swift in Sources */ = {isa = PBXBuildFile; fileRef = 1733D2FE29CA7A9C00741292 /* FakeListTabelCell.swift */; };
		1733D30129CA7BE200741292 /* FakeHTTPMethod.swift in Sources */ = {isa = PBXBuildFile; fileRef = 1733D30029CA7BE200741292 /* FakeHTTPMethod.swift */; };
/* End PBXBuildFile section */

/* Begin PBXFileReference section */
		1733D2D229CA351100741292 /* FakeProduct.app */ = {isa = PBXFileReference; explicitFileType = wrapper.application; includeInIndex = 0; path = FakeProduct.app; sourceTree = BUILT_PRODUCTS_DIR; };
		1733D2D529CA351100741292 /* AppDelegate.swift */ = {isa = PBXFileReference; lastKnownFileType = sourcecode.swift; path = AppDelegate.swift; sourceTree = "<group>"; };
		1733D2D729CA351100741292 /* SceneDelegate.swift */ = {isa = PBXFileReference; lastKnownFileType = sourcecode.swift; path = SceneDelegate.swift; sourceTree = "<group>"; };
		1733D2D929CA351100741292 /* ProductListVC.swift */ = {isa = PBXFileReference; lastKnownFileType = sourcecode.swift; path = ProductListVC.swift; sourceTree = "<group>"; };
		1733D2DC29CA351100741292 /* Base */ = {isa = PBXFileReference; lastKnownFileType = file.storyboard; name = Base; path = Base.lproj/Main.storyboard; sourceTree = "<group>"; };
		1733D2DE29CA351200741292 /* Assets.xcassets */ = {isa = PBXFileReference; lastKnownFileType = folder.assetcatalog; path = Assets.xcassets; sourceTree = "<group>"; };
		1733D2E129CA351200741292 /* Base */ = {isa = PBXFileReference; lastKnownFileType = file.storyboard; name = Base; path = Base.lproj/LaunchScreen.storyboard; sourceTree = "<group>"; };
		1733D2E329CA351200741292 /* Info.plist */ = {isa = PBXFileReference; lastKnownFileType = text.plist.xml; path = Info.plist; sourceTree = "<group>"; };
		1733D2EB29CA361400741292 /* FakeRequest.swift */ = {isa = PBXFileReference; lastKnownFileType = sourcecode.swift; path = FakeRequest.swift; sourceTree = "<group>"; };
		1733D2ED29CA36C900741292 /* FackProductEndPoint.swift */ = {isa = PBXFileReference; lastKnownFileType = sourcecode.swift; path = FackProductEndPoint.swift; sourceTree = "<group>"; };
		1733D2EF29CA3BFF00741292 /* FakeProductService.swift */ = {isa = PBXFileReference; lastKnownFileType = sourcecode.swift; path = FakeProductService.swift; sourceTree = "<group>"; };
		1733D2F429CA480D00741292 /* FakeProductModel.swift */ = {isa = PBXFileReference; lastKnownFileType = sourcecode.swift; path = FakeProductModel.swift; sourceTree = "<group>"; };
		1733D2F629CA573A00741292 /* ProduListViewModel.swift */ = {isa = PBXFileReference; lastKnownFileType = sourcecode.swift; path = ProduListViewModel.swift; sourceTree = "<group>"; };
		1733D2FC29CA5FC200741292 /* Extension.swift */ = {isa = PBXFileReference; lastKnownFileType = sourcecode.swift; path = Extension.swift; sourceTree = "<group>"; };
		1733D2FE29CA7A9C00741292 /* FakeListTabelCell.swift */ = {isa = PBXFileReference; lastKnownFileType = sourcecode.swift; path = FakeListTabelCell.swift; sourceTree = "<group>"; };
		1733D30029CA7BE200741292 /* FakeHTTPMethod.swift */ = {isa = PBXFileReference; lastKnownFileType = sourcecode.swift; path = FakeHTTPMethod.swift; sourceTree = "<group>"; };
/* End PBXFileReference section */

/* Begin PBXFrameworksBuildPhase section */
		1733D2CF29CA351100741292 /* Frameworks */ = {
			isa = PBXFrameworksBuildPhase;
			buildActionMask = 2147483647;
			files = (
			);
			runOnlyForDeploymentPostprocessing = 0;
		};
/* End PBXFrameworksBuildPhase section */

/* Begin PBXGroup section */
		1733D2C929CA351100741292 = {
			isa = PBXGroup;
			children = (
				1733D2D429CA351100741292 /* FakeProduct */,
				1733D2D329CA351100741292 /* Products */,
			);
			sourceTree = "<group>";
		};
		1733D2D329CA351100741292 /* Products */ = {
			isa = PBXGroup;
			children = (
				1733D2D229CA351100741292 /* FakeProduct.app */,
			);
			name = Products;
			sourceTree = "<group>";
		};
		1733D2D429CA351100741292 /* FakeProduct */ = {
			isa = PBXGroup;
			children = (
				1733D2FB29CA5FB400741292 /* Extension */,
				1733D2E929CA351D00741292 /* Resources */,
				1733D2EA29CA358300741292 /* NetworkManager */,
				1733D2F129CA42B600741292 /* Model */,
				1733D2F229CA42CA00741292 /* View */,
				1733D2F329CA42D500741292 /* ViewModel */,
				1733D2F829CA577C00741292 /* Controller */,
				1733D2E329CA351200741292 /* Info.plist */,
			);
			path = FakeProduct;
			sourceTree = "<group>";
		};
		1733D2E929CA351D00741292 /* Resources */ = {
			isa = PBXGroup;
			children = (
				1733D2D529CA351100741292 /* AppDelegate.swift */,
				1733D2D729CA351100741292 /* SceneDelegate.swift */,
				1733D2DB29CA351100741292 /* Main.storyboard */,
				1733D2DE29CA351200741292 /* Assets.xcassets */,
				1733D2E029CA351200741292 /* LaunchScreen.storyboard */,
			);
			path = Resources;
			sourceTree = "<group>";
		};
		1733D2EA29CA358300741292 /* NetworkManager */ = {
			isa = PBXGroup;
			children = (
				1733D2EB29CA361400741292 /* FakeRequest.swift */,
				1733D2ED29CA36C900741292 /* FackProductEndPoint.swift */,
				1733D2EF29CA3BFF00741292 /* FakeProductService.swift */,
				1733D30029CA7BE200741292 /* FakeHTTPMethod.swift */,
			);
			path = NetworkManager;
			sourceTree = "<group>";
		};
		1733D2F129CA42B600741292 /* Model */ = {
			isa = PBXGroup;
			children = (
				1733D2F429CA480D00741292 /* FakeProductModel.swift */,
			);
			path = Model;
			sourceTree = "<group>";
		};
		1733D2F229CA42CA00741292 /* View */ = {
			isa = PBXGroup;
			children = (
				1733D2FE29CA7A9C00741292 /* FakeListTabelCell.swift */,
			);
			path = View;
			sourceTree = "<group>";
		};
		1733D2F329CA42D500741292 /* ViewModel */ = {
			isa = PBXGroup;
			children = (
				1733D2F629CA573A00741292 /* ProduListViewModel.swift */,
			);
			path = ViewModel;
			sourceTree = "<group>";
		};
		1733D2F829CA577C00741292 /* Controller */ = {
			isa = PBXGroup;
			children = (
				1733D2D929CA351100741292 /* ProductListVC.swift */,
			);
			path = Controller;
			sourceTree = "<group>";
		};
		1733D2FB29CA5FB400741292 /* Extension */ = {
			isa = PBXGroup;
			children = (
				1733D2FC29CA5FC200741292 /* Extension.swift */,
			);
			path = Extension;
			sourceTree = "<group>";
		};
/* End PBXGroup section */

/* Begin PBXNativeTarget section */
		1733D2D129CA351100741292 /* FakeProduct */ = {
			isa = PBXNativeTarget;
			buildConfigurationList = 1733D2E629CA351200741292 /* Build configuration list for PBXNativeTarget "FakeProduct" */;
			buildPhases = (
				1733D2CE29CA351100741292 /* Sources */,
				1733D2CF29CA351100741292 /* Frameworks */,
				1733D2D029CA351100741292 /* Resources */,
			);
			buildRules = (
			);
			dependencies = (
			);
			name = FakeProduct;
			productName = FakeProduct;
			productReference = 1733D2D229CA351100741292 /* FakeProduct.app */;
			productType = "com.apple.product-type.application";
		};
/* End PBXNativeTarget section */

/* Begin PBXProject section */
		1733D2CA29CA351100741292 /* Project object */ = {
			isa = PBXProject;
			attributes = {
				BuildIndependentTargetsInParallel = 1;
				LastSwiftUpdateCheck = 1420;
				LastUpgradeCheck = 1420;
				TargetAttributes = {
					1733D2D129CA351100741292 = {
						CreatedOnToolsVersion = 14.2;
					};
				};
			};
			buildConfigurationList = 1733D2CD29CA351100741292 /* Build configuration list for PBXProject "FakeProduct" */;
			compatibilityVersion = "Xcode 14.0";
			developmentRegion = en;
			hasScannedForEncodings = 0;
			knownRegions = (
				en,
				Base,
			);
			mainGroup = 1733D2C929CA351100741292;
			productRefGroup = 1733D2D329CA351100741292 /* Products */;
			projectDirPath = "";
			projectRoot = "";
			targets = (
				1733D2D129CA351100741292 /* FakeProduct */,
			);
		};
/* End PBXProject section */

/* Begin PBXResourcesBuildPhase section */
		1733D2D029CA351100741292 /* Resources */ = {
			isa = PBXResourcesBuildPhase;
			buildActionMask = 2147483647;
			files = (
				1733D2E229CA351200741292 /* LaunchScreen.storyboard in Resources */,
				1733D2DF29CA351200741292 /* Assets.xcassets in Resources */,
				1733D2DD29CA351100741292 /* Main.storyboard in Resources */,
			);
			runOnlyForDeploymentPostprocessing = 0;
		};
/* End PBXResourcesBuildPhase section */

/* Begin PBXSourcesBuildPhase section */
		1733D2CE29CA351100741292 /* Sources */ = {
			isa = PBXSourcesBuildPhase;
			buildActionMask = 2147483647;
			files = (
				1733D2F029CA3BFF00741292 /* FakeProductService.swift in Sources */,
				1733D2EC29CA361400741292 /* FakeRequest.swift in Sources */,
				1733D30129CA7BE200741292 /* FakeHTTPMethod.swift in Sources */,
				1733D2EE29CA36C900741292 /* FackProductEndPoint.swift in Sources */,
				1733D2DA29CA351100741292 /* ProductListVC.swift in Sources */,
				1733D2F529CA480D00741292 /* FakeProductModel.swift in Sources */,
				1733D2FD29CA5FC200741292 /* Extension.swift in Sources */,
				1733D2F729CA573A00741292 /* ProduListViewModel.swift in Sources */,
				1733D2FF29CA7A9C00741292 /* FakeListTabelCell.swift in Sources */,
				1733D2D629CA351100741292 /* AppDelegate.swift in Sources */,
				1733D2D829CA351100741292 /* SceneDelegate.swift in Sources */,
			);
			runOnlyForDeploymentPostprocessing = 0;
		};
/* End PBXSourcesBuildPhase section */

/* Begin PBXVariantGroup section */
		1733D2DB29CA351100741292 /* Main.storyboard */ = {
			isa = PBXVariantGroup;
			children = (
				1733D2DC29CA351100741292 /* Base */,
			);
			name = Main.storyboard;
			sourceTree = "<group>";
		};
		1733D2E029CA351200741292 /* LaunchScreen.storyboard */ = {
			isa = PBXVariantGroup;
			children = (
				1733D2E129CA351200741292 /* Base */,
			);
			name = LaunchScreen.storyboard;
			sourceTree = "<group>";
		};
/* End PBXVariantGroup section */

/* Begin XCBuildConfiguration section */
		1733D2E429CA351200741292 /* Debug */ = {
			isa = XCBuildConfiguration;
			buildSettings = {
				ALWAYS_SEARCH_USER_PATHS = NO;
				CLANG_ANALYZER_NONNULL = YES;
				CLANG_ANALYZER_NUMBER_OBJECT_CONVERSION = YES_AGGRESSIVE;
				CLANG_CXX_LANGUAGE_STANDARD = "gnu++20";
				CLANG_ENABLE_MODULES = YES;
				CLANG_ENABLE_OBJC_ARC = YES;
				CLANG_ENABLE_OBJC_WEAK = YES;
				CLANG_WARN_BLOCK_CAPTURE_AUTORELEASING = YES;
				CLANG_WARN_BOOL_CONVERSION = YES;
				CLANG_WARN_COMMA = YES;
				CLANG_WARN_CONSTANT_CONVERSION = YES;
				CLANG_WARN_DEPRECATED_OBJC_IMPLEMENTATIONS = YES;
				CLANG_WARN_DIRECT_OBJC_ISA_USAGE = YES_ERROR;
				CLANG_WARN_DOCUMENTATION_COMMENTS = YES;
				CLANG_WARN_EMPTY_BODY = YES;
				CLANG_WARN_ENUM_CONVERSION = YES;
				CLANG_WARN_INFINITE_RECURSION = YES;
				CLANG_WARN_INT_CONVERSION = YES;
				CLANG_WARN_NON_LITERAL_NULL_CONVERSION = YES;
				CLANG_WARN_OBJC_IMPLICIT_RETAIN_SELF = YES;
				CLANG_WARN_OBJC_LITERAL_CONVERSION = YES;
				CLANG_WARN_OBJC_ROOT_CLASS = YES_ERROR;
				CLANG_WARN_QUOTED_INCLUDE_IN_FRAMEWORK_HEADER = YES;
				CLANG_WARN_RANGE_LOOP_ANALYSIS = YES;
				CLANG_WARN_STRICT_PROTOTYPES = YES;
				CLANG_WARN_SUSPICIOUS_MOVE = YES;
				CLANG_WARN_UNGUARDED_AVAILABILITY = YES_AGGRESSIVE;
				CLANG_WARN_UNREACHABLE_CODE = YES;
				CLANG_WARN__DUPLICATE_METHOD_MATCH = YES;
				COPY_PHASE_STRIP = NO;
				DEBUG_INFORMATION_FORMAT = dwarf;
				ENABLE_STRICT_OBJC_MSGSEND = YES;
				ENABLE_TESTABILITY = YES;
				GCC_C_LANGUAGE_STANDARD = gnu11;
				GCC_DYNAMIC_NO_PIC = NO;
				GCC_NO_COMMON_BLOCKS = YES;
				GCC_OPTIMIZATION_LEVEL = 0;
				GCC_PREPROCESSOR_DEFINITIONS = (
					"DEBUG=1",
					"$(inherited)",
				);
				GCC_WARN_64_TO_32_BIT_CONVERSION = YES;
				GCC_WARN_ABOUT_RETURN_TYPE = YES_ERROR;
				GCC_WARN_UNDECLARED_SELECTOR = YES;
				GCC_WARN_UNINITIALIZED_AUTOS = YES_AGGRESSIVE;
				GCC_WARN_UNUSED_FUNCTION = YES;
				GCC_WARN_UNUSED_VARIABLE = YES;
				IPHONEOS_DEPLOYMENT_TARGET = 16.2;
				MTL_ENABLE_DEBUG_INFO = INCLUDE_SOURCE;
				MTL_FAST_MATH = YES;
				ONLY_ACTIVE_ARCH = YES;
				SDKROOT = iphoneos;
				SWIFT_ACTIVE_COMPILATION_CONDITIONS = DEBUG;
				SWIFT_OPTIMIZATION_LEVEL = "-Onone";
			};
			name = Debug;
		};
		1733D2E529CA351200741292 /* Release */ = {
			isa = XCBuildConfiguration;
			buildSettings = {
				ALWAYS_SEARCH_USER_PATHS = NO;
				CLANG_ANALYZER_NONNULL = YES;
				CLANG_ANALYZER_NUMBER_OBJECT_CONVERSION = YES_AGGRESSIVE;
				CLANG_CXX_LANGUAGE_STANDARD = "gnu++20";
				CLANG_ENABLE_MODULES = YES;
				CLANG_ENABLE_OBJC_ARC = YES;
				CLANG_ENABLE_OBJC_WEAK = YES;
				CLANG_WARN_BLOCK_CAPTURE_AUTORELEASING = YES;
				CLANG_WARN_BOOL_CONVERSION = YES;
				CLANG_WARN_COMMA = YES;
				CLANG_WARN_CONSTANT_CONVERSION = YES;
				CLANG_WARN_DEPRECATED_OBJC_IMPLEMENTATIONS = YES;
				CLANG_WARN_DIRECT_OBJC_ISA_USAGE = YES_ERROR;
				CLANG_WARN_DOCUMENTATION_COMMENTS = YES;
				CLANG_WARN_EMPTY_BODY = YES;
				CLANG_WARN_ENUM_CONVERSION = YES;
				CLANG_WARN_INFINITE_RECURSION = YES;
				CLANG_WARN_INT_CONVERSION = YES;
				CLANG_WARN_NON_LITERAL_NULL_CONVERSION = YES;
				CLANG_WARN_OBJC_IMPLICIT_RETAIN_SELF = YES;
				CLANG_WARN_OBJC_LITERAL_CONVERSION = YES;
				CLANG_WARN_OBJC_ROOT_CLASS = YES_ERROR;
				CLANG_WARN_QUOTED_INCLUDE_IN_FRAMEWORK_HEADER = YES;
				CLANG_WARN_RANGE_LOOP_ANALYSIS = YES;
				CLANG_WARN_STRICT_PROTOTYPES = YES;
				CLANG_WARN_SUSPICIOUS_MOVE = YES;
				CLANG_WARN_UNGUARDED_AVAILABILITY = YES_AGGRESSIVE;
				CLANG_WARN_UNREACHABLE_CODE = YES;
				CLANG_WARN__DUPLICATE_METHOD_MATCH = YES;
				COPY_PHASE_STRIP = NO;
				DEBUG_INFORMATION_FORMAT = "dwarf-with-dsym";
				ENABLE_NS_ASSERTIONS = NO;
				ENABLE_STRICT_OBJC_MSGSEND = YES;
				GCC_C_LANGUAGE_STANDARD = gnu11;
				GCC_NO_COMMON_BLOCKS = YES;
				GCC_WARN_64_TO_32_BIT_CONVERSION = YES;
				GCC_WARN_ABOUT_RETURN_TYPE = YES_ERROR;
				GCC_WARN_UNDECLARED_SELECTOR = YES;
				GCC_WARN_UNINITIALIZED_AUTOS = YES_AGGRESSIVE;
				GCC_WARN_UNUSED_FUNCTION = YES;
				GCC_WARN_UNUSED_VARIABLE = YES;
				IPHONEOS_DEPLOYMENT_TARGET = 16.2;
				MTL_ENABLE_DEBUG_INFO = NO;
				MTL_FAST_MATH = YES;
				SDKROOT = iphoneos;
				SWIFT_COMPILATION_MODE = wholemodule;
				SWIFT_OPTIMIZATION_LEVEL = "-O";
				VALIDATE_PRODUCT = YES;
			};
			name = Release;
		};
		1733D2E729CA351200741292 /* Debug */ = {
			isa = XCBuildConfiguration;
			buildSettings = {
				ASSETCATALOG_COMPILER_APPICON_NAME = AppIcon;
				ASSETCATALOG_COMPILER_GLOBAL_ACCENT_COLOR_NAME = AccentColor;
				CODE_SIGN_STYLE = Automatic;
				CURRENT_PROJECT_VERSION = 1;
				GENERATE_INFOPLIST_FILE = YES;
				INFOPLIST_FILE = FakeProduct/Info.plist;
				INFOPLIST_KEY_UIApplicationSupportsIndirectInputEvents = YES;
				INFOPLIST_KEY_UILaunchStoryboardName = LaunchScreen;
				INFOPLIST_KEY_UIMainStoryboardFile = Main;
				INFOPLIST_KEY_UISupportedInterfaceOrientations_iPad = "UIInterfaceOrientationPortrait UIInterfaceOrientationPortraitUpsideDown UIInterfaceOrientationLandscapeLeft UIInterfaceOrientationLandscapeRight";
				INFOPLIST_KEY_UISupportedInterfaceOrientations_iPhone = "UIInterfaceOrientationPortrait UIInterfaceOrientationLandscapeLeft UIInterfaceOrientationLandscapeRight";
				LD_RUNPATH_SEARCH_PATHS = (
					"$(inherited)",
					"@executable_path/Frameworks",
				);
				MARKETING_VERSION = 1.0;
				PRODUCT_BUNDLE_IDENTIFIER = FakeProduct.FakeProduct;
				PRODUCT_NAME = "$(TARGET_NAME)";
				SWIFT_EMIT_LOC_STRINGS = YES;
				SWIFT_VERSION = 5.0;
				TARGETED_DEVICE_FAMILY = "1,2";
			};
			name = Debug;
		};
		1733D2E829CA351200741292 /* Release */ = {
			isa = XCBuildConfiguration;
			buildSettings = {
				ASSETCATALOG_COMPILER_APPICON_NAME = AppIcon;
				ASSETCATALOG_COMPILER_GLOBAL_ACCENT_COLOR_NAME = AccentColor;
				CODE_SIGN_STYLE = Automatic;
				CURRENT_PROJECT_VERSION = 1;
				GENERATE_INFOPLIST_FILE = YES;
				INFOPLIST_FILE = FakeProduct/Info.plist;
				INFOPLIST_KEY_UIApplicationSupportsIndirectInputEvents = YES;
				INFOPLIST_KEY_UILaunchStoryboardName = LaunchScreen;
				INFOPLIST_KEY_UIMainStoryboardFile = Main;
				INFOPLIST_KEY_UISupportedInterfaceOrientations_iPad = "UIInterfaceOrientationPortrait UIInterfaceOrientationPortraitUpsideDown UIInterfaceOrientationLandscapeLeft UIInterfaceOrientationLandscapeRight";
				INFOPLIST_KEY_UISupportedInterfaceOrientations_iPhone = "UIInterfaceOrientationPortrait UIInterfaceOrientationLandscapeLeft UIInterfaceOrientationLandscapeRight";
				LD_RUNPATH_SEARCH_PATHS = (
					"$(inherited)",
					"@executable_path/Frameworks",
				);
				MARKETING_VERSION = 1.0;
				PRODUCT_BUNDLE_IDENTIFIER = FakeProduct.FakeProduct;
				PRODUCT_NAME = "$(TARGET_NAME)";
				SWIFT_EMIT_LOC_STRINGS = YES;
				SWIFT_VERSION = 5.0;
				TARGETED_DEVICE_FAMILY = "1,2";
			};
			name = Release;
		};
/* End XCBuildConfiguration section */

/* Begin XCConfigurationList section */
		1733D2CD29CA351100741292 /* Build configuration list for PBXProject "FakeProduct" */ = {
			isa = XCConfigurationList;
			buildConfigurations = (
				1733D2E429CA351200741292 /* Debug */,
				1733D2E529CA351200741292 /* Release */,
			);
			defaultConfigurationIsVisible = 0;
			defaultConfigurationName = Release;
		};
		1733D2E629CA351200741292 /* Build configuration list for PBXNativeTarget "FakeProduct" */ = {
			isa = XCConfigurationList;
			buildConfigurations = (
				1733D2E729CA351200741292 /* Debug */,
				1733D2E829CA351200741292 /* Release */,
			);
			defaultConfigurationIsVisible = 0;
			defaultConfigurationName = Release;
		};
/* End XCConfigurationList section */
	};
	rootObject = 1733D2CA29CA351100741292 /* Project object */;
}
